lockfileVersion: '9.0'

settings:
  autoInstallPeers: true
  excludeLinksFromLockfile: false

importers:

  .:
    devDependencies:
      dexie:
        specifier: ^4.0.8
        version: 4.0.8

packages:

  dexie@4.0.8:
    resolution: {integrity: sha512-1G6cJevS17KMDK847V3OHvK2zei899GwpDiqfEXHP1ASvme6eWJmAp9AU4s1son2TeGkWmC0g3y8ezOBPnalgQ==}

snapshots:

  dexie@4.0.8: {}
